speakeasyVersion: 1.770.0
sources:
    Modaic API:
        sourceNamespace: modaic-api
        sourceRevisionDigest: sha256:be4f2769b96c0861eb96918ed1cb0dfca916572f24eb2c0ba498937f3e04d4bf
        sourceBlobDigest: sha256:3c38b823b67640b32897f0383e3a910802c7d49bf37088f2f5b6487b2332397f
        tags:
            - latest
            - 1.0.0
targets:
    modaic:
        source: Modaic API
        sourceNamespace: modaic-api
        sourceRevisionDigest: sha256:be4f2769b96c0861eb96918ed1cb0dfca916572f24eb2c0ba498937f3e04d4bf
        sourceBlobDigest: sha256:3c38b823b67640b32897f0383e3a910802c7d49bf37088f2f5b6487b2332397f
        codeSamplesNamespace: modaic-api-typescript-code-samples
        codeSamplesRevisionDigest: sha256:55f15e1cea18feaae800367f3fcbc6223634b5617ccb1efd01eeaa31d9cd2e08
workflow:
    workflowVersion: 1.0.0
    speakeasyVersion: latest
    sources:
        Modaic API:
            inputs:
                - location: ./openapi.json
            overlays:
                - location: .speakeasy/overlays/sdk-surface.overlay.json
                - location: .speakeasy/overlays/naming.overlay.json
            output: .speakeasy/out.openapi.yaml
            registry:
                location: registry.speakeasyapi.dev/modaic/modaic/modaic-api
    targets:
        modaic:
            target: typescript
            source: Modaic API
            codeSamples:
                registry:
                    location: registry.speakeasyapi.dev/modaic/modaic/modaic-api-typescript-code-samples
                labelOverride:
                    fixedValue: Typescript (SDK)
                blocking: false
