speakeasyVersion: 1.778.0
sources:
    Modaic API:
        sourceNamespace: modaic-api
        sourceRevisionDigest: sha256:0b5d2a988a33455f4ec74dc745e02e8a04c08775374620daeda8b6088feb8f74
        sourceBlobDigest: sha256:f3a2bf6298658d71f4547294a8290ac71881d535f68b9a27263b4648cee7ec0c
        tags:
            - latest
            - 1.0.0
targets:
    modaic:
        source: Modaic API
        sourceNamespace: modaic-api
        sourceRevisionDigest: sha256:0b5d2a988a33455f4ec74dc745e02e8a04c08775374620daeda8b6088feb8f74
        sourceBlobDigest: sha256:f3a2bf6298658d71f4547294a8290ac71881d535f68b9a27263b4648cee7ec0c
        codeSamplesNamespace: modaic-api-typescript-code-samples
        codeSamplesRevisionDigest: sha256:992a65a4de0ef5491ef75f37cd7b5718a2db82b16190258f68a8e57ceaa5fc96
workflow:
    workflowVersion: 1.0.0
    speakeasyVersion: latest
    sources:
        Modaic API:
            inputs:
                - location: ./openapi.json
            overlays:
                - location: .speakeasy/overlays/sdk-surface.overlay.json
                - location: .speakeasy/overlays/naming.overlay.json
            output: .speakeasy/out.openapi.yaml
            registry:
                location: registry.speakeasyapi.dev/modaic/modaic/modaic-api
    targets:
        modaic:
            target: typescript
            source: Modaic API
            codeSamples:
                registry:
                    location: registry.speakeasyapi.dev/modaic/modaic/modaic-api-typescript-code-samples
                labelOverride:
                    fixedValue: Typescript (SDK)
                blocking: false
